// !$*UTF8*$!
{
	archiveVersion = 1;
	classes = {
	};
	objectVersion = 50;
	objects = {

/* Begin PBXBuildFile section */
		1C69EBD223BF32510035C966 /* AppDelegate.m in Sources */ = {isa = PBXBuildFile; fileRef = 1C69EBD123BF32510035C966 /* AppDelegate.m */; };
		1C69EBD523BF32510035C966 /* SceneDelegate.m in Sources */ = {isa = PBXBuildFile; fileRef = 1C69EBD423BF32510035C966 /* SceneDelegate.m */; };
		1C69EBD823BF32510035C966 /* ViewController.m in Sources */ = {isa = PBXBuildFile; fileRef = 1C69EBD723BF32510035C966 /* ViewController.m */; };
		1C69EBDB23BF32510035C966 /* Main.storyboard in Resources */ = {isa = PBXBuildFile; fileRef = 1C69EBD923BF32510035C966 /* Main.storyboard */; };
		1C69EBDD23BF32520035C966 /* Assets.xcassets in Resources */ = {isa = PBXBuildFile; fileRef = 1C69EBDC23BF32520035C966 /* Assets.xcassets */; };
		1C69EBE023BF32520035C966 /* LaunchScreen.storyboard in Resources */ = {isa = PBXBuildFile; fileRef = 1C69EBDE23BF32520035C966 /* LaunchScreen.storyboard */; };
		1C69EBE323BF32520035C966 /* main.m in Sources */ = {isa = PBXBuildFile; fileRef = 1C69EBE223BF32520035C966 /* main.m */; };
		1C69EBED23BF32520035C966 /* FFMpeg_OCTests.m in Sources */ = {isa = PBXBuildFile; fileRef = 1C69EBEC23BF32520035C966 /* FFMpeg_OCTests.m */; };
		1C69EBF823BF32520035C966 /* FFMpeg_OCUITests.m in Sources */ = {isa = PBXBuildFile; fileRef = 1C69EBF723BF32520035C966 /* FFMpeg_OCUITests.m */; };
		1C69EC9023BF34C60035C966 /* libz.tbd in Frameworks */ = {isa = PBXBuildFile; fileRef = 1C69EC8F23BF34C60035C966 /* libz.tbd */; };
		1C69EC9223BF34D20035C966 /* libbz2.tbd in Frameworks */ = {isa = PBXBuildFile; fileRef = 1C69EC9123BF34D20035C966 /* libbz2.tbd */; };
		1C69EC9423BF34DC0035C966 /* libiconv.tbd in Frameworks */ = {isa = PBXBuildFile; fileRef = 1C69EC9323BF34DC0035C966 /* libiconv.tbd */; };
		1C69EC9623BF34E60035C966 /* CoreMedia.framework in Frameworks */ = {isa = PBXBuildFile; fileRef = 1C69EC9523BF34E60035C966 /* CoreMedia.framework */; };
		1C69EC9823BF34F30035C966 /* VideoToolbox.framework in Frameworks */ = {isa = PBXBuildFile; fileRef = 1C69EC9723BF34F30035C966 /* VideoToolbox.framework */; };
		1C69EC9A23BF34FA0035C966 /* AVFoundation.framework in Frameworks */ = {isa = PBXBuildFile; fileRef = 1C69EC9923BF34F90035C966 /* AVFoundation.framework */; };
		1C69ED5523C4316C0035C966 /* ffmpeg.c in Sources */ = {isa = PBXBuildFile; fileRef = 1C69ED5423C4316C0035C966 /* ffmpeg.c */; };
		1C69ED5723C432270035C966 /* cmdutils.c in Sources */ = {isa = PBXBuildFile; fileRef = 1C69ED5623C432270035C966 /* cmdutils.c */; };
		1C69ED6123C434220035C966 /* ffmpeg_opt.c in Sources */ = {isa = PBXBuildFile; fileRef = 1C69ED5923C434210035C966 /* ffmpeg_opt.c */; };
		1C69ED6523C434220035C966 /* ffmpeg_filter.c in Sources */ = {isa = PBXBuildFile; fileRef = 1C69ED5D23C434210035C966 /* ffmpeg_filter.c */; };
		1C69ED8E23C467250035C966 /* libavutil.a in Frameworks */ = {isa = PBXBuildFile; fileRef = 1C69ED8723C467250035C966 /* libavutil.a */; };
		1C69ED8F23C467250035C966 /* libavfilter.a in Frameworks */ = {isa = PBXBuildFile; fileRef = 1C69ED8823C467250035C966 /* libavfilter.a */; };
		1C69ED9023C467250035C966 /* libavcodec.a in Frameworks */ = {isa = PBXBuildFile; fileRef = 1C69ED8923C467250035C966 /* libavcodec.a */; };
		1C69ED9123C467250035C966 /* libavformat.a in Frameworks */ = {isa = PBXBuildFile; fileRef = 1C69ED8A23C467250035C966 /* libavformat.a */; };
		1C69ED9323C467250035C966 /* libswresample.a in Frameworks */ = {isa = PBXBuildFile; fileRef = 1C69ED8C23C467250035C966 /* libswresample.a */; };
		1C69ED9423C467250035C966 /* libswscale.a in Frameworks */ = {isa = PBXBuildFile; fileRef = 1C69ED8D23C467250035C966 /* libswscale.a */; };
		1C69EE1423C469290035C966 /* AudioToolbox.framework in Frameworks */ = {isa = PBXBuildFile; fileRef = 1C69EE1323C469290035C966 /* AudioToolbox.framework */; };
		1C69EE9223C46B2A0035C966 /* ffmpeg_hw.c in Sources */ = {isa = PBXBuildFile; fileRef = 1C69EE9023C46B2A0035C966 /* ffmpeg_hw.c */; };
		1C69EE9323C46B2A0035C966 /* ffmpeg_videotoolbox.c in Sources */ = {isa = PBXBuildFile; fileRef = 1C69EE9123C46B2A0035C966 /* ffmpeg_videotoolbox.c */; };
		1C69EE9F23C474770035C966 /* libavdevice.a in Frameworks */ = {isa = PBXBuildFile; fileRef = 1C69EE9E23C474770035C966 /* libavdevice.a */; };
		1C69EEA123C474DE0035C966 /* IMG_0951.MOV in Resources */ = {isa = PBXBuildFile; fileRef = 1C69EEA023C474DE0035C966 /* IMG_0951.MOV */; };
/* End PBXBuildFile section */

/* Begin PBXContainerItemProxy section */
		1C69EBE923BF32520035C966 /* PBXContainerItemProxy */ = {
			isa = PBXContainerItemProxy;
			containerPortal = 1C69EBC523BF32510035C966 /* Project object */;
			proxyType = 1;
			remoteGlobalIDString = 1C69EBCC23BF32510035C966;
			remoteInfo = "FFMpeg-OC";
		};
		1C69EBF423BF32520035C966 /* PBXContainerItemProxy */ = {
			isa = PBXContainerItemProxy;
			containerPortal = 1C69EBC523BF32510035C966 /* Project object */;
			proxyType = 1;
			remoteGlobalIDString = 1C69EBCC23BF32510035C966;
			remoteInfo = "FFMpeg-OC";
		};
/* End PBXContainerItemProxy section */

/* Begin PBXFileReference section */
		1C69EBCD23BF32510035C966 /* FFMpeg-OC.app */ = {isa = PBXFileReference; explicitFileType = wrapper.application; includeInIndex = 0; path = "FFMpeg-OC.app"; sourceTree = BUILT_PRODUCTS_DIR; };
		1C69EBD023BF32510035C966 /* AppDelegate.h */ = {isa = PBXFileReference; lastKnownFileType = sourcecode.c.h; path = AppDelegate.h; sourceTree = "<group>"; };
		1C69EBD123BF32510035C966 /* AppDelegate.m */ = {isa = PBXFileReference; lastKnownFileType = sourcecode.c.objc; path = AppDelegate.m; sourceTree = "<group>"; };
		1C69EBD323BF32510035C966 /* SceneDelegate.h */ = {isa = PBXFileReference; lastKnownFileType = sourcecode.c.h; path = SceneDelegate.h; sourceTree = "<group>"; };
		1C69EBD423BF32510035C966 /* SceneDelegate.m */ = {isa = PBXFileReference; lastKnownFileType = sourcecode.c.objc; path = SceneDelegate.m; sourceTree = "<group>"; };
		1C69EBD623BF32510035C966 /* ViewController.h */ = {isa = PBXFileReference; lastKnownFileType = sourcecode.c.h; path = ViewController.h; sourceTree = "<group>"; };
		1C69EBD723BF32510035C966 /* ViewController.m */ = {isa = PBXFileReference; lastKnownFileType = sourcecode.c.objc; path = ViewController.m; sourceTree = "<group>"; };
		1C69EBDA23BF32510035C966 /* Base */ = {isa = PBXFileReference; lastKnownFileType = file.storyboard; name = Base; path = Base.lproj/Main.storyboard; sourceTree = "<group>"; };
		1C69EBDC23BF32520035C966 /* Assets.xcassets */ = {isa = PBXFileReference; lastKnownFileType = folder.assetcatalog; path = Assets.xcassets; sourceTree = "<group>"; };
		1C69EBDF23BF32520035C966 /* Base */ = {isa = PBXFileReference; lastKnownFileType = file.storyboard; name = Base; path = Base.lproj/LaunchScreen.storyboard; sourceTree = "<group>"; };
		1C69EBE123BF32520035C966 /* Info.plist */ = {isa = PBXFileReference; lastKnownFileType = text.plist.xml; path = Info.plist; sourceTree = "<group>"; };
		1C69EBE223BF32520035C966 /* main.m */ = {isa = PBXFileReference; lastKnownFileType = sourcecode.c.objc; path = main.m; sourceTree = "<group>"; };
		1C69EBE823BF32520035C966 /* FFMpeg-OCTests.xctest */ = {isa = PBXFileReference; explicitFileType = wrapper.cfbundle; includeInIndex = 0; path = "FFMpeg-OCTests.xctest"; sourceTree = BUILT_PRODUCTS_DIR; };
		1C69EBEC23BF32520035C966 /* FFMpeg_OCTests.m */ = {isa = PBXFileReference; lastKnownFileType = sourcecode.c.objc; path = FFMpeg_OCTests.m; sourceTree = "<group>"; };
		1C69EBEE23BF32520035C966 /* Info.plist */ = {isa = PBXFileReference; lastKnownFileType = text.plist.xml; path = Info.plist; sourceTree = "<group>"; };
		1C69EBF323BF32520035C966 /* FFMpeg-OCUITests.xctest */ = {isa = PBXFileReference; explicitFileType = wrapper.cfbundle; includeInIndex = 0; path = "FFMpeg-OCUITests.xctest"; sourceTree = BUILT_PRODUCTS_DIR; };
		1C69EBF723BF32520035C966 /* FFMpeg_OCUITests.m */ = {isa = PBXFileReference; lastKnownFileType = sourcecode.c.objc; path = FFMpeg_OCUITests.m; sourceTree = "<group>"; };
		1C69EBF923BF32520035C966 /* Info.plist */ = {isa = PBXFileReference; lastKnownFileType = text.plist.xml; path = Info.plist; sourceTree = "<group>"; };
		1C69EC8F23BF34C60035C966 /* libz.tbd */ = {isa = PBXFileReference; lastKnownFileType = "sourcecode.text-based-dylib-definition"; name = libz.tbd; path = usr/lib/libz.tbd; sourceTree = SDKROOT; };
		1C69EC9123BF34D20035C966 /* libbz2.tbd */ = {isa = PBXFileReference; lastKnownFileType = "sourcecode.text-based-dylib-definition"; name = libbz2.tbd; path = usr/lib/libbz2.tbd; sourceTree = SDKROOT; };
		1C69EC9323BF34DC0035C966 /* libiconv.tbd */ = {isa = PBXFileReference; lastKnownFileType = "sourcecode.text-based-dylib-definition"; name = libiconv.tbd; path = usr/lib/libiconv.tbd; sourceTree = SDKROOT; };
		1C69EC9523BF34E60035C966 /* CoreMedia.framework */ = {isa = PBXFileReference; lastKnownFileType = wrapper.framework; name = CoreMedia.framework; path = System/Library/Frameworks/CoreMedia.framework; sourceTree = SDKROOT; };
		1C69EC9723BF34F30035C966 /* VideoToolbox.framework */ = {isa = PBXFileReference; lastKnownFileType = wrapper.framework; name = VideoToolbox.framework; path = System/Library/Frameworks/VideoToolbox.framework; sourceTree = SDKROOT; };
		1C69EC9923BF34F90035C966 /* AVFoundation.framework */ = {isa = PBXFileReference; lastKnownFileType = wrapper.framework; name = AVFoundation.framework; path = System/Library/Frameworks/AVFoundation.framework; sourceTree = SDKROOT; };
		1C69ED5223C4313B0035C966 /* ffmpeg.h */ = {isa = PBXFileReference; fileEncoding = 4; lastKnownFileType = sourcecode.c.h; path = ffmpeg.h; sourceTree = "<group>"; };
		1C69ED5323C431480035C966 /* cmdutils.h */ = {isa = PBXFileReference; fileEncoding = 4; lastKnownFileType = sourcecode.c.h; path = cmdutils.h; sourceTree = "<group>"; };
		1C69ED5423C4316C0035C966 /* ffmpeg.c */ = {isa = PBXFileReference; fileEncoding = 4; lastKnownFileType = sourcecode.c.c; path = ffmpeg.c; sourceTree = "<group>"; };
		1C69ED5623C432270035C966 /* cmdutils.c */ = {isa = PBXFileReference; fileEncoding = 4; lastKnownFileType = sourcecode.c.c; path = cmdutils.c; sourceTree = "<group>"; };
		1C69ED5923C434210035C966 /* ffmpeg_opt.c */ = {isa = PBXFileReference; fileEncoding = 4; lastKnownFileType = sourcecode.c.c; path = ffmpeg_opt.c; sourceTree = "<group>"; };
		1C69ED5D23C434210035C966 /* ffmpeg_filter.c */ = {isa = PBXFileReference; fileEncoding = 4; lastKnownFileType = sourcecode.c.c; path = ffmpeg_filter.c; sourceTree = "<group>"; };
		1C69ED8723C467250035C966 /* libavutil.a */ = {isa = PBXFileReference; lastKnownFileType = archive.ar; path = libavutil.a; sourceTree = "<group>"; };
		1C69ED8823C467250035C966 /* libavfilter.a */ = {isa = PBXFileReference; lastKnownFileType = archive.ar; path = libavfilter.a; sourceTree = "<group>"; };
		1C69ED8923C467250035C966 /* libavcodec.a */ = {isa = PBXFileReference; lastKnownFileType = archive.ar; path = libavcodec.a; sourceTree = "<group>"; };
		1C69ED8A23C467250035C966 /* libavformat.a */ = {isa = PBXFileReference; lastKnownFileType = archive.ar; path = libavformat.a; sourceTree = "<group>"; };
		1C69ED8C23C467250035C966 /* libswresample.a */ = {isa = PBXFileReference; lastKnownFileType = archive.ar; path = libswresample.a; sourceTree = "<group>"; };
		1C69ED8D23C467250035C966 /* libswscale.a */ = {isa = PBXFileReference; lastKnownFileType = archive.ar; path = libswscale.a; sourceTree = "<group>"; };
		1C69EE1323C469290035C966 /* AudioToolbox.framework */ = {isa = PBXFileReference; lastKnownFileType = wrapper.framework; name = AudioToolbox.framework; path = System/Library/Frameworks/AudioToolbox.framework; sourceTree = SDKROOT; };
		1C69EE1723C4695C0035C966 /* version.h */ = {isa = PBXFileReference; fileEncoding = 4; lastKnownFileType = sourcecode.c.h; path = version.h; sourceTree = "<group>"; };
		1C69EE1823C4695C0035C966 /* buffersrc.h */ = {isa = PBXFileReference; fileEncoding = 4; lastKnownFileType = sourcecode.c.h; path = buffersrc.h; sourceTree = "<group>"; };
		1C69EE1923C4695C0035C966 /* buffersink.h */ = {isa = PBXFileReference; fileEncoding = 4; lastKnownFileType = sourcecode.c.h; path = buffersink.h; sourceTree = "<group>"; };
		1C69EE1A23C4695C0035C966 /* avfilter.h */ = {isa = PBXFileReference; fileEncoding = 4; lastKnownFileType = sourcecode.c.h; path = avfilter.h; sourceTree = "<group>"; };
		1C69EE1C23C4695C0035C966 /* hwcontext.h */ = {isa = PBXFileReference; fileEncoding = 4; lastKnownFileType = sourcecode.c.h; path = hwcontext.h; sourceTree = "<group>"; };
		1C69EE1D23C4695C0035C966 /* time.h */ = {isa = PBXFileReference; fileEncoding = 4; lastKnownFileType = sourcecode.c.h; path = time.h; sourceTree = "<group>"; };
		1C69EE1E23C4695C0035C966 /* hwcontext_cuda.h */ = {isa = PBXFileReference; fileEncoding = 4; lastKnownFileType = sourcecode.c.h; path = hwcontext_cuda.h; sourceTree = "<group>"; };
		1C69EE1F23C4695C0035C966 /* intfloat.h */ = {isa = PBXFileReference; fileEncoding = 4; lastKnownFileType = sourcecode.c.h; path = intfloat.h; sourceTree = "<group>"; };
		1C69EE2023C4695C0035C966 /* error.h */ = {isa = PBXFileReference; fileEncoding = 4; lastKnownFileType = sourcecode.c.h; path = error.h; sourceTree = "<group>"; };
		1C69EE2123C4695C0035C966 /* fifo.h */ = {isa = PBXFileReference; fileEncoding = 4; lastKnownFileType = sourcecode.c.h; path = fifo.h; sourceTree = "<group>"; };
		1C69EE2223C4695C0035C966 /* blowfish.h */ = {isa = PBXFileReference; fileEncoding = 4; lastKnownFileType = sourcecode.c.h; path = blowfish.h; sourceTree = "<group>"; };
		1C69EE2323C4695C0035C966 /* hwcontext_mediacodec.h */ = {isa = PBXFileReference; fileEncoding = 4; lastKnownFileType = sourcecode.c.h; path = hwcontext_mediacodec.h; sourceTree = "<group>"; };
		1C69EE2423C4695C0035C966 /* replaygain.h */ = {isa = PBXFileReference; fileEncoding = 4; lastKnownFileType = sourcecode.c.h; path = replaygain.h; sourceTree = "<group>"; };
		1C69EE2523C4695C0035C966 /* version.h */ = {isa = PBXFileReference; fileEncoding = 4; lastKnownFileType = sourcecode.c.h; path = version.h; sourceTree = "<group>"; };
		1C69EE2623C4695C0035C966 /* murmur3.h */ = {isa = PBXFileReference; fileEncoding = 4; lastKnownFileType = sourcecode.c.h; path = murmur3.h; sourceTree = "<group>"; };
		1C69EE2723C4695C0035C966 /* stereo3d.h */ = {isa = PBXFileReference; fileEncoding = 4; lastKnownFileType = sourcecode.c.h; path = stereo3d.h; sourceTree = "<group>"; };
		1C69EE2823C4695C0035C966 /* samplefmt.h */ = {isa = PBXFileReference; fileEncoding = 4; lastKnownFileType = sourcecode.c.h; path = samplefmt.h; sourceTree = "<group>"; };
		1C69EE2923C4695C0035C966 /* pixdesc.h */ = {isa = PBXFileReference; fileEncoding = 4; lastKnownFileType = sourcecode.c.h; path = pixdesc.h; sourceTree = "<group>"; };
		1C69EE2A23C4695C0035C966 /* base64.h */ = {isa = PBXFileReference; fileEncoding = 4; lastKnownFileType = sourcecode.c.h; path = base64.h; sourceTree = "<group>"; };
		1C69EE2B23C4695C0035C966 /* rational.h */ = {isa = PBXFileReference; fileEncoding = 4; lastKnownFileType = sourcecode.c.h; path = rational.h; sourceTree = "<group>"; };
		1C69EE2C23C4695C0035C966 /* sha.h */ = {isa = PBXFileReference; fileEncoding = 4; lastKnownFileType = sourcecode.c.h; path = sha.h; sourceTree = "<group>"; };
		1C69EE2D23C4695C0035C966 /* motion_vector.h */ = {isa = PBXFileReference; fileEncoding = 4; lastKnownFileType = sourcecode.c.h; path = motion_vector.h; sourceTree = "<group>"; };
		1C69EE2E23C4695C0035C966 /* avconfig.h */ = {isa = PBXFileReference; fileEncoding = 4; lastKnownFileType = sourcecode.c.h; path = avconfig.h; sourceTree = "<group>"; };
		1C69EE2F23C4695C0035C966 /* lfg.h */ = {isa = PBXFileReference; fileEncoding = 4; lastKnownFileType = sourcecode.c.h; path = lfg.h; sourceTree = "<group>"; };
		1C69EE3023C4695C0035C966 /* avutil.h */ = {isa = PBXFileReference; fileEncoding = 4; lastKnownFileType = sourcecode.c.h; path = avutil.h; sourceTree = "<group>"; };
		1C69EE3123C4695C0035C966 /* xtea.h */ = {isa = PBXFileReference; fileEncoding = 4; lastKnownFileType = sourcecode.c.h; path = xtea.h; sourceTree = "<group>"; };
		1C69EE3223C4695C0035C966 /* crc.h */ = {isa = PBXFileReference; fileEncoding = 4; lastKnownFileType = sourcecode.c.h; path = crc.h; sourceTree = "<group>"; };
		1C69EE3323C4695C0035C966 /* hwcontext_vdpau.h */ = {isa = PBXFileReference; fileEncoding = 4; lastKnownFileType = sourcecode.c.h; path = hwcontext_vdpau.h; sourceTree = "<group>"; };
		1C69EE3423C4695C0035C966 /* frame.h */ = {isa = PBXFileReference; fileEncoding = 4; lastKnownFileType = sourcecode.c.h; path = frame.h; sourceTree = "<group>"; };
		1C69EE3523C4695C0035C966 /* file.h */ = {isa = PBXFileReference; fileEncoding = 4; lastKnownFileType = sourcecode.c.h; path = file.h; sourceTree = "<group>"; };
		1C69EE3623C4695C0035C966 /* md5.h */ = {isa = PBXFileReference; fileEncoding = 4; lastKnownFileType = sourcecode.c.h; path = md5.h; sourceTree = "<group>"; };
		1C69EE3723C4695C0035C966 /* cast5.h */ = {isa = PBXFileReference; fileEncoding = 4; lastKnownFileType = sourcecode.c.h; path = cast5.h; sourceTree = "<group>"; };
		1C69EE3823C4695C0035C966 /* hwcontext_vaapi.h */ = {isa = PBXFileReference; fileEncoding = 4; lastKnownFileType = sourcecode.c.h; path = hwcontext_vaapi.h; sourceTree = "<group>"; };
		1C69EE3923C4695C0035C966 /* spherical.h */ = {isa = PBXFileReference; fileEncoding = 4; lastKnownFileType = sourcecode.c.h; path = spherical.h; sourceTree = "<group>"; };
		1C69EE3A23C4695C0035C966 /* ffversion.h */ = {isa = PBXFileReference; fileEncoding = 4; lastKnownFileType = sourcecode.c.h; path = ffversion.h; sourceTree = "<group>"; };
		1C69EE3B23C4695C0035C966 /* audio_fifo.h */ = {isa = PBXFileReference; fileEncoding = 4; lastKnownFileType = sourcecode.c.h; path = audio_fifo.h; sourceTree = "<group>"; };
		1C69EE3C23C4695C0035C966 /* tree.h */ = {isa = PBXFileReference; fileEncoding = 4; lastKnownFileType = sourcecode.c.h; path = tree.h; sourceTree = "<group>"; };
		1C69EE3D23C4695C0035C966 /* threadmessage.h */ = {isa = PBXFileReference; fileEncoding = 4; lastKnownFileType = sourcecode.c.h; path = threadmessage.h; sourceTree = "<group>"; };
		1C69EE3E23C4695C0035C966 /* attributes.h */ = {isa = PBXFileReference; fileEncoding = 4; lastKnownFileType = sourcecode.c.h; path = attributes.h; sourceTree = "<group>"; };
		1C69EE3F23C4695C0035C966 /* adler32.h */ = {isa = PBXFileReference; fileEncoding = 4; lastKnownFileType = sourcecode.c.h; path = adler32.h; sourceTree = "<group>"; };
		1C69EE4023C4695C0035C966 /* hwcontext_d3d11va.h */ = {isa = PBXFileReference; fileEncoding = 4; lastKnownFileType = sourcecode.c.h; path = hwcontext_d3d11va.h; sourceTree = "<group>"; };
		1C69EE4123C4695C0035C966 /* timecode.h */ = {isa = PBXFileReference; fileEncoding = 4; lastKnownFileType = sourcecode.c.h; path = timecode.h; sourceTree = "<group>"; };
		1C69EE4223C4695C0035C966 /* tx.h */ = {isa = PBXFileReference; fileEncoding = 4; lastKnownFileType = sourcecode.c.h; path = tx.h; sourceTree = "<group>"; };
		1C69EE4323C4695C0035C966 /* sha512.h */ = {isa = PBXFileReference; fileEncoding = 4; lastKnownFileType = sourcecode.c.h; path = sha512.h; sourceTree = "<group>"; };
		1C69EE4423C4695C0035C966 /* hwcontext_dxva2.h */ = {isa = PBXFileReference; fileEncoding = 4; lastKnownFileType = sourcecode.c.h; path = hwcontext_dxva2.h; sourceTree = "<group>"; };
		1C69EE4523C4695C0035C966 /* display.h */ = {isa = PBXFileReference; fileEncoding = 4; lastKnownFileType = sourcecode.c.h; path = display.h; sourceTree = "<group>"; };
		1C69EE4623C4695C0035C966 /* buffer.h */ = {isa = PBXFileReference; fileEncoding = 4; lastKnownFileType = sourcecode.c.h; path = buffer.h; sourceTree = "<group>"; };
		1C69EE4723C4695C0035C966 /* camellia.h */ = {isa = PBXFileReference; fileEncoding = 4; lastKnownFileType = sourcecode.c.h; path = camellia.h; sourceTree = "<group>"; };
		1C69EE4823C4695C0035C966 /* pixelutils.h */ = {isa = PBXFileReference; fileEncoding = 4; lastKnownFileType = sourcecode.c.h; path = pixelutils.h; sourceTree = "<group>"; };
		1C69EE4923C4695C0035C966 /* hwcontext_drm.h */ = {isa = PBXFileReference; fileEncoding = 4; lastKnownFileType = sourcecode.c.h; path = hwcontext_drm.h; sourceTree = "<group>"; };
		1C69EE4A23C4695C0035C966 /* common.h */ = {isa = PBXFileReference; fileEncoding = 4; lastKnownFileType = sourcecode.c.h; path = common.h; sourceTree = "<group>"; };
		1C69EE4B23C4695C0035C966 /* hmac.h */ = {isa = PBXFileReference; fileEncoding = 4; lastKnownFileType = sourcecode.c.h; path = hmac.h; sourceTree = "<group>"; };
		1C69EE4C23C4695C0035C966 /* eval.h */ = {isa = PBXFileReference; fileEncoding = 4; lastKnownFileType = sourcecode.c.h; path = eval.h; sourceTree = "<group>"; };
		1C69EE4D23C4695C0035C966 /* dict.h */ = {isa = PBXFileReference; fileEncoding = 4; lastKnownFileType = sourcecode.c.h; path = dict.h; sourceTree = "<group>"; };
		1C69EE4E23C4695C0035C966 /* random_seed.h */ = {isa = PBXFileReference; fileEncoding = 4; lastKnownFileType = sourcecode.c.h; path = random_seed.h; sourceTree = "<group>"; };
		1C69EE4F23C4695C0035C966 /* opt.h */ = {isa = PBXFileReference; fileEncoding = 4; lastKnownFileType = sourcecode.c.h; path = opt.h; sourceTree = "<group>"; };
		1C69EE5023C4695C0035C966 /* mastering_display_metadata.h */ = {isa = PBXFileReference; fileEncoding = 4; lastKnownFileType = sourcecode.c.h; path = mastering_display_metadata.h; sourceTree = "<group>"; };
		1C69EE5123C4695C0035C966 /* log.h */ = {isa = PBXFileReference; fileEncoding = 4; lastKnownFileType = sourcecode.c.h; path = log.h; sourceTree = "<group>"; };
		1C69EE5223C4695C0035C966 /* aes.h */ = {isa = PBXFileReference; fileEncoding = 4; lastKnownFileType = sourcecode.c.h; path = aes.h; sourceTree = "<group>"; };
		1C69EE5323C4695C0035C966 /* macros.h */ = {isa = PBXFileReference; fileEncoding = 4; lastKnownFileType = sourcecode.c.h; path = macros.h; sourceTree = "<group>"; };
		1C69EE5423C4695C0035C966 /* bswap.h */ = {isa = PBXFileReference; fileEncoding = 4; lastKnownFileType = sourcecode.c.h; path = bswap.h; sourceTree = "<group>"; };
		1C69EE5523C4695C0035C966 /* rc4.h */ = {isa = PBXFileReference; fileEncoding = 4; lastKnownFileType = sourcecode.c.h; path = rc4.h; sourceTree = "<group>"; };
		1C69EE5623C4695C0035C966 /* tea.h */ = {isa = PBXFileReference; fileEncoding = 4; lastKnownFileType = sourcecode.c.h; path = tea.h; sourceTree = "<group>"; };
		1C69EE5723C4695C0035C966 /* cpu.h */ = {isa = PBXFileReference; fileEncoding = 4; lastKnownFileType = sourcecode.c.h; path = cpu.h; sourceTree = "<group>"; };
		1C69EE5823C4695C0035C966 /* lzo.h */ = {isa = PBXFileReference; fileEncoding = 4; lastKnownFileType = sourcecode.c.h; path = lzo.h; sourceTree = "<group>"; };
		1C69EE5923C4695C0035C966 /* des.h */ = {isa = PBXFileReference; fileEncoding = 4; lastKnownFileType = sourcecode.c.h; path = des.h; sourceTree = "<group>"; };
		1C69EE5A23C4695C0035C966 /* channel_layout.h */ = {isa = PBXFileReference; fileEncoding = 4; lastKnownFileType = sourcecode.c.h; path = channel_layout.h; sourceTree = "<group>"; };
		1C69EE5B23C4695C0035C966 /* encryption_info.h */ = {isa = PBXFileReference; fileEncoding = 4; lastKnownFileType = sourcecode.c.h; path = encryption_info.h; sourceTree = "<group>"; };
		1C69EE5C23C4695C0035C966 /* twofish.h */ = {isa = PBXFileReference; fileEncoding = 4; lastKnownFileType = sourcecode.c.h; path = twofish.h; sourceTree = "<group>"; };
		1C69EE5D23C4695C0035C966 /* imgutils.h */ = {isa = PBXFileReference; fileEncoding = 4; lastKnownFileType = sourcecode.c.h; path = imgutils.h; sourceTree = "<group>"; };
		1C69EE5E23C4695C0035C966 /* hwcontext_videotoolbox.h */ = {isa = PBXFileReference; fileEncoding = 4; lastKnownFileType = sourcecode.c.h; path = hwcontext_videotoolbox.h; sourceTree = "<group>"; };
		1C69EE5F23C4695C0035C966 /* mem.h */ = {isa = PBXFileReference; fileEncoding = 4; lastKnownFileType = sourcecode.c.h; path = mem.h; sourceTree = "<group>"; };
		1C69EE6023C4695C0035C966 /* parseutils.h */ = {isa = PBXFileReference; fileEncoding = 4; lastKnownFileType = sourcecode.c.h; path = parseutils.h; sourceTree = "<group>"; };
		1C69EE6123C4695C0035C966 /* ripemd.h */ = {isa = PBXFileReference; fileEncoding = 4; lastKnownFileType = sourcecode.c.h; path = ripemd.h; sourceTree = "<group>"; };
		1C69EE6223C4695C0035C966 /* bprint.h */ = {isa = PBXFileReference; fileEncoding = 4; lastKnownFileType = sourcecode.c.h; path = bprint.h; sourceTree = "<group>"; };
		1C69EE6323C4695C0035C966 /* hdr_dynamic_metadata.h */ = {isa = PBXFileReference; fileEncoding = 4; lastKnownFileType = sourcecode.c.h; path = hdr_dynamic_metadata.h; sourceTree = "<group>"; };
		1C69EE6423C4695C0035C966 /* hwcontext_qsv.h */ = {isa = PBXFileReference; fileEncoding = 4; lastKnownFileType = sourcecode.c.h; path = hwcontext_qsv.h; sourceTree = "<group>"; };
		1C69EE6523C4695C0035C966 /* pixfmt.h */ = {isa = PBXFileReference; fileEncoding = 4; lastKnownFileType = sourcecode.c.h; path = pixfmt.h; sourceTree = "<group>"; };
		1C69EE6623C4695C0035C966 /* aes_ctr.h */ = {isa = PBXFileReference; fileEncoding = 4; lastKnownFileType = sourcecode.c.h; path = aes_ctr.h; sourceTree = "<group>"; };
		1C69EE6723C4695C0035C966 /* timestamp.h */ = {isa = PBXFileReference; fileEncoding = 4; lastKnownFileType = sourcecode.c.h; path = timestamp.h; sourceTree = "<group>"; };
		1C69EE6823C4695C0035C966 /* downmix_info.h */ = {isa = PBXFileReference; fileEncoding = 4; lastKnownFileType = sourcecode.c.h; path = downmix_info.h; sourceTree = "<group>"; };
		1C69EE6923C4695C0035C966 /* avassert.h */ = {isa = PBXFileReference; fileEncoding = 4; lastKnownFileType = sourcecode.c.h; path = avassert.h; sourceTree = "<group>"; };
		1C69EE6A23C4695C0035C966 /* hash.h */ = {isa = PBXFileReference; fileEncoding = 4; lastKnownFileType = sourcecode.c.h; path = hash.h; sourceTree = "<group>"; };
		1C69EE6B23C4695C0035C966 /* mathematics.h */ = {isa = PBXFileReference; fileEncoding = 4; lastKnownFileType = sourcecode.c.h; path = mathematics.h; sourceTree = "<group>"; };
		1C69EE6C23C4695C0035C966 /* intreadwrite.h */ = {isa = PBXFileReference; fileEncoding = 4; lastKnownFileType = sourcecode.c.h; path = intreadwrite.h; sourceTree = "<group>"; };
		1C69EE6D23C4695C0035C966 /* avstring.h */ = {isa = PBXFileReference; fileEncoding = 4; lastKnownFileType = sourcecode.c.h; path = avstring.h; sourceTree = "<group>"; };
		1C69EE6F23C4695C0035C966 /* version.h */ = {isa = PBXFileReference; fileEncoding = 4; lastKnownFileType = sourcecode.c.h; path = version.h; sourceTree = "<group>"; };
		1C69EE7023C4695C0035C966 /* avdevice.h */ = {isa = PBXFileReference; fileEncoding = 4; lastKnownFileType = sourcecode.c.h; path = avdevice.h; sourceTree = "<group>"; };
		1C69EE7223C4695C0035C966 /* version.h */ = {isa = PBXFileReference; fileEncoding = 4; lastKnownFileType = sourcecode.c.h; path = version.h; sourceTree = "<group>"; };
		1C69EE7323C4695C0035C966 /* avio.h */ = {isa = PBXFileReference; fileEncoding = 4; lastKnownFileType = sourcecode.c.h; path = avio.h; sourceTree = "<group>"; };
		1C69EE7423C4695C0035C966 /* avformat.h */ = {isa = PBXFileReference; fileEncoding = 4; lastKnownFileType = sourcecode.c.h; path = avformat.h; sourceTree = "<group>"; };
		1C69EE7623C4695C0035C966 /* version.h */ = {isa = PBXFileReference; fileEncoding = 4; lastKnownFileType = sourcecode.c.h; path = version.h; sourceTree = "<group>"; };
		1C69EE7723C4695C0035C966 /* swscale.h */ = {isa = PBXFileReference; fileEncoding = 4; lastKnownFileType = sourcecode.c.h; path = swscale.h; sourceTree = "<group>"; };
		1C69EE7923C4695C0035C966 /* adts_parser.h */ = {isa = PBXFileReference; fileEncoding = 4; lastKnownFileType = sourcecode.c.h; path = adts_parser.h; sourceTree = "<group>"; };
		1C69EE7A23C4695C0035C966 /* avcodec.h */ = {isa = PBXFileReference; fileEncoding = 4; lastKnownFileType = sourcecode.c.h; path = avcodec.h; sourceTree = "<group>"; };
		1C69EE7B23C4695C0035C966 /* version.h */ = {isa = PBXFileReference; fileEncoding = 4; lastKnownFileType = sourcecode.c.h; path = version.h; sourceTree = "<group>"; };
		1C69EE7C23C4695C0035C966 /* vdpau.h */ = {isa = PBXFileReference; fileEncoding = 4; lastKnownFileType = sourcecode.c.h; path = vdpau.h; sourceTree = "<group>"; };
		1C69EE7D23C4695C0035C966 /* qsv.h */ = {isa = PBXFileReference; fileEncoding = 4; lastKnownFileType = sourcecode.c.h; path = qsv.h; sourceTree = "<group>"; };
		1C69EE7E23C4695C0035C966 /* vaapi.h */ = {isa = PBXFileReference; fileEncoding = 4; lastKnownFileType = sourcecode.c.h; path = vaapi.h; sourceTree = "<group>"; };
		1C69EE7F23C4695C0035C966 /* videotoolbox.h */ = {isa = PBXFileReference; fileEncoding = 4; lastKnownFileType = sourcecode.c.h; path = videotoolbox.h; sourceTree = "<group>"; };
		1C69EE8023C4695C0035C966 /* xvmc.h */ = {isa = PBXFileReference; fileEncoding = 4; lastKnownFileType = sourcecode.c.h; path = xvmc.h; sourceTree = "<group>"; };
		1C69EE8123C4695C0035C966 /* mediacodec.h */ = {isa = PBXFileReference; fileEncoding = 4; lastKnownFileType = sourcecode.c.h; path = mediacodec.h; sourceTree = "<group>"; };
		1C69EE8223C4695C0035C966 /* d3d11va.h */ = {isa = PBXFileReference; fileEncoding = 4; lastKnownFileType = sourcecode.c.h; path = d3d11va.h; sourceTree = "<group>"; };
		1C69EE8323C4695C0035C966 /* avfft.h */ = {isa = PBXFileReference; fileEncoding = 4; lastKnownFileType = sourcecode.c.h; path = avfft.h; sourceTree = "<group>"; };
		1C69EE8423C4695C0035C966 /* jni.h */ = {isa = PBXFileReference; fileEncoding = 4; lastKnownFileType = sourcecode.c.h; path = jni.h; sourceTree = "<group>"; };
		1C69EE8523C4695C0035C966 /* dirac.h */ = {isa = PBXFileReference; fileEncoding = 4; lastKnownFileType = sourcecode.c.h; path = dirac.h; sourceTree = "<group>"; };
		1C69EE8623C4695C0035C966 /* avdct.h */ = {isa = PBXFileReference; fileEncoding = 4; lastKnownFileType = sourcecode.c.h; path = avdct.h; sourceTree = "<group>"; };
		1C69EE8723C4695C0035C966 /* ac3_parser.h */ = {isa = PBXFileReference; fileEncoding = 4; lastKnownFileType = sourcecode.c.h; path = ac3_parser.h; sourceTree = "<group>"; };
		1C69EE8823C4695C0035C966 /* vorbis_parser.h */ = {isa = PBXFileReference; fileEncoding = 4; lastKnownFileType = sourcecode.c.h; path = vorbis_parser.h; sourceTree = "<group>"; };
		1C69EE8923C4695C0035C966 /* dxva2.h */ = {isa = PBXFileReference; fileEncoding = 4; lastKnownFileType = sourcecode.c.h; path = dxva2.h; sourceTree = "<group>"; };
		1C69EE8A23C4695C0035C966 /* dv_profile.h */ = {isa = PBXFileReference; fileEncoding = 4; lastKnownFileType = sourcecode.c.h; path = dv_profile.h; sourceTree = "<group>"; };
		1C69EE8C23C4695C0035C966 /* version.h */ = {isa = PBXFileReference; fileEncoding = 4; lastKnownFileType = sourcecode.c.h; path = version.h; sourceTree = "<group>"; };
		1C69EE8D23C4695C0035C966 /* swresample.h */ = {isa = PBXFileReference; fileEncoding = 4; lastKnownFileType = sourcecode.c.h; path = swresample.h; sourceTree = "<group>"; };
		1C69EE8E23C469E30035C966 /* DeviceCheck.framework */ = {isa = PBXFileReference; lastKnownFileType = wrapper.framework; name = DeviceCheck.framework; path = System/Library/Frameworks/DeviceCheck.framework; sourceTree = SDKROOT; };
		1C69EE9023C46B2A0035C966 /* ffmpeg_hw.c */ = {isa = PBXFileReference; fileEncoding = 4; lastKnownFileType = sourcecode.c.c; name = ffmpeg_hw.c; path = "../../../../../yasm-1.2.0/FFmpeg-iOS-build-script/ffmpeg-4.2/fftools/ffmpeg_hw.c"; sourceTree = "<group>"; };
		1C69EE9123C46B2A0035C966 /* ffmpeg_videotoolbox.c */ = {isa = PBXFileReference; fileEncoding = 4; lastKnownFileType = sourcecode.c.c; name = ffmpeg_videotoolbox.c; path = "../../../../../yasm-1.2.0/FFmpeg-iOS-build-script/ffmpeg-4.2/fftools/ffmpeg_videotoolbox.c"; sourceTree = "<group>"; };
		1C69EE9D23C474170035C966 /* config.h */ = {isa = PBXFileReference; fileEncoding = 4; lastKnownFileType = sourcecode.c.h; path = config.h; sourceTree = "<group>"; };
		1C69EE9E23C474770035C966 /* libavdevice.a */ = {isa = PBXFileReference; lastKnownFileType = archive.ar; path = libavdevice.a; sourceTree = "<group>"; };
		1C69EEA023C474DE0035C966 /* IMG_0951.MOV */ = {isa = PBXFileReference; lastKnownFileType = video.quicktime; path = IMG_0951.MOV; sourceTree = "<group>"; };
/* End PBXFileReference section */

/* Begin PBXFrameworksBuildPhase section */
		1C69EBCA23BF32510035C966 /* Frameworks */ = {
			isa = PBXFrameworksBuildPhase;
			buildActionMask = 2147483647;
			files = (
				1C69EE9F23C474770035C966 /* libavdevice.a in Frameworks */,
				1C69EE1423C469290035C966 /* AudioToolbox.framework in Frameworks */,
				1C69ED8F23C467250035C966 /* libavfilter.a in Frameworks */,
				1C69EC9A23BF34FA0035C966 /* AVFoundation.framework in Frameworks */,
				1C69EC9823BF34F30035C966 /* VideoToolbox.framework in Frameworks */,
				1C69ED9123C467250035C966 /* libavformat.a in Frameworks */,
				1C69ED9323C467250035C966 /* libswresample.a in Frameworks */,
				1C69EC9623BF34E60035C966 /* CoreMedia.framework in Frameworks */,
				1C69EC9423BF34DC0035C966 /* libiconv.tbd in Frameworks */,
				1C69ED8E23C467250035C966 /* libavutil.a in Frameworks */,
				1C69EC9223BF34D20035C966 /* libbz2.tbd in Frameworks */,
				1C69ED9423C467250035C966 /* libswscale.a in Frameworks */,
				1C69EC9023BF34C60035C966 /* libz.tbd in Frameworks */,
				1C69ED9023C467250035C966 /* libavcodec.a in Frameworks */,
			);
			runOnlyForDeploymentPostprocessing = 0;
		};
		1C69EBE523BF32520035C966 /* Frameworks */ = {
			isa = PBXFrameworksBuildPhase;
			buildActionMask = 2147483647;
			files = (
			);
			runOnlyForDeploymentPostprocessing = 0;
		};
		1C69EBF023BF32520035C966 /* Frameworks */ = {
			isa = PBXFrameworksBuildPhase;
			buildActionMask = 2147483647;
			files = (
			);
			runOnlyForDeploymentPostprocessing = 0;
		};
/* End PBXFrameworksBuildPhase section */

/* Begin PBXGroup section */
		1C69EBC423BF32510035C966 = {
			isa = PBXGroup;
			children = (
				1C69EBCF23BF32510035C966 /* FFMpeg-OC */,
				1C69EBEB23BF32520035C966 /* FFMpeg-OCTests */,
				1C69EBF623BF32520035C966 /* FFMpeg-OCUITests */,
				1C69EBCE23BF32510035C966 /* Products */,
				1C69EC8E23BF34C60035C966 /* Frameworks */,
			);
			sourceTree = "<group>";
		};
		1C69EBCE23BF32510035C966 /* Products */ = {
			isa = PBXGroup;
			children = (
				1C69EBCD23BF32510035C966 /* FFMpeg-OC.app */,
				1C69EBE823BF32520035C966 /* FFMpeg-OCTests.xctest */,
				1C69EBF323BF32520035C966 /* FFMpeg-OCUITests.xctest */,
			);
			name = Products;
			sourceTree = "<group>";
		};
		1C69EBCF23BF32510035C966 /* FFMpeg-OC */ = {
			isa = PBXGroup;
			children = (
				1C69EEA023C474DE0035C966 /* IMG_0951.MOV */,
				1C69EC0523BF32670035C966 /* FFmpeg-iOS */,
				1C69EBD023BF32510035C966 /* AppDelegate.h */,
				1C69EBD123BF32510035C966 /* AppDelegate.m */,
				1C69EBD323BF32510035C966 /* SceneDelegate.h */,
				1C69EBD423BF32510035C966 /* SceneDelegate.m */,
				1C69EBD623BF32510035C966 /* ViewController.h */,
				1C69EBD723BF32510035C966 /* ViewController.m */,
				1C69EBD923BF32510035C966 /* Main.storyboard */,
				1C69EBDC23BF32520035C966 /* Assets.xcassets */,
				1C69EBDE23BF32520035C966 /* LaunchScreen.storyboard */,
				1C69EBE123BF32520035C966 /* Info.plist */,
				1C69EBE223BF32520035C966 /* main.m */,
			);
			path = "FFMpeg-OC";
			sourceTree = "<group>";
		};
		1C69EBEB23BF32520035C966 /* FFMpeg-OCTests */ = {
			isa = PBXGroup;
			children = (
				1C69EBEC23BF32520035C966 /* FFMpeg_OCTests.m */,
				1C69EBEE23BF32520035C966 /* Info.plist */,
			);
			path = "FFMpeg-OCTests";
			sourceTree = "<group>";
		};
		1C69EBF623BF32520035C966 /* FFMpeg-OCUITests */ = {
			isa = PBXGroup;
			children = (
				1C69EBF723BF32520035C966 /* FFMpeg_OCUITests.m */,
				1C69EBF923BF32520035C966 /* Info.plist */,
			);
			path = "FFMpeg-OCUITests";
			sourceTree = "<group>";
		};
		1C69EC0523BF32670035C966 /* FFmpeg-iOS */ = {
			isa = PBXGroup;
			children = (
				1C69EE1523C4695C0035C966 /* include */,
				1C69ED8623C467250035C966 /* lib */,
				1C69ED5123C431140035C966 /* fftolls */,
			);
			path = "FFmpeg-iOS";
			sourceTree = "<group>";
		};
		1C69EC8E23BF34C60035C966 /* Frameworks */ = {
			isa = PBXGroup;
			children = (
				1C69EE8E23C469E30035C966 /* DeviceCheck.framework */,
				1C69EE1323C469290035C966 /* AudioToolbox.framework */,
				1C69EC9923BF34F90035C966 /* AVFoundation.framework */,
				1C69EC9723BF34F30035C966 /* VideoToolbox.framework */,
				1C69EC9523BF34E60035C966 /* CoreMedia.framework */,
				1C69EC9323BF34DC0035C966 /* libiconv.tbd */,
				1C69EC9123BF34D20035C966 /* libbz2.tbd */,
				1C69EC8F23BF34C60035C966 /* libz.tbd */,
			);
			name = Frameworks;
			sourceTree = "<group>";
		};
		1C69ED5123C431140035C966 /* fftolls */ = {
			isa = PBXGroup;
			children = (
				1C69EE9D23C474170035C966 /* config.h */,
				1C69ED5423C4316C0035C966 /* ffmpeg.c */,
				1C69ED5223C4313B0035C966 /* ffmpeg.h */,
				1C69ED5623C432270035C966 /* cmdutils.c */,
				1C69ED5323C431480035C966 /* cmdutils.h */,
				1C69ED5D23C434210035C966 /* ffmpeg_filter.c */,
				1C69ED5923C434210035C966 /* ffmpeg_opt.c */,
				1C69EE9023C46B2A0035C966 /* ffmpeg_hw.c */,
				1C69EE9123C46B2A0035C966 /* ffmpeg_videotoolbox.c */,
			);
			path = fftolls;
			sourceTree = "<group>";
		};
		1C69ED8623C467250035C966 /* lib */ = {
			isa = PBXGroup;
			children = (
				1C69EE9E23C474770035C966 /* libavdevice.a */,
				1C69ED8723C467250035C966 /* libavutil.a */,
				1C69ED8823C467250035C966 /* libavfilter.a */,
				1C69ED8923C467250035C966 /* libavcodec.a */,
				1C69ED8A23C467250035C966 /* libavformat.a */,
				1C69ED8C23C467250035C966 /* libswresample.a */,
				1C69ED8D23C467250035C966 /* libswscale.a */,
			);
			path = lib;
			sourceTree = "<group>";
		};
		1C69EE1523C4695C0035C966 /* include */ = {
			isa = PBXGroup;
			children = (
				1C69EE1623C4695C0035C966 /* libavfilter */,
				1C69EE1B23C4695C0035C966 /* libavutil */,
				1C69EE6E23C4695C0035C966 /* libavdevice */,
				1C69EE7123C4695C0035C966 /* libavformat */,
				1C69EE7523C4695C0035C966 /* libswscale */,
				1C69EE7823C4695C0035C966 /* libavcodec */,
				1C69EE8B23C4695C0035C966 /* libswresample */,
			);
			path = include;
			sourceTree = "<group>";
		};
		1C69EE1623C4695C0035C966 /* libavfilter */ = {
			isa = PBXGroup;
			children = (
				1C69EE1723C4695C0035C966 /* version.h */,
				1C69EE1823C4695C0035C966 /* buffersrc.h */,
				1C69EE1923C4695C0035C966 /* buffersink.h */,
				1C69EE1A23C4695C0035C966 /* avfilter.h */,
			);
			path = libavfilter;
			sourceTree = "<group>";
		};
		1C69EE1B23C4695C0035C966 /* libavutil */ = {
			isa = PBXGroup;
			children = (
				1C69EE1C23C4695C0035C966 /* hwcontext.h */,
				1C69EE1D23C4695C0035C966 /* time.h */,
				1C69EE1E23C4695C0035C966 /* hwcontext_cuda.h */,
				1C69EE1F23C4695C0035C966 /* intfloat.h */,
				1C69EE2023C4695C0035C966 /* error.h */,
				1C69EE2123C4695C0035C966 /* fifo.h */,
				1C69EE2223C4695C0035C966 /* blowfish.h */,
				1C69EE2323C4695C0035C966 /* hwcontext_mediacodec.h */,
				1C69EE2423C4695C0035C966 /* replaygain.h */,
				1C69EE2523C4695C0035C966 /* version.h */,
				1C69EE2623C4695C0035C966 /* murmur3.h */,
				1C69EE2723C4695C0035C966 /* stereo3d.h */,
				1C69EE2823C4695C0035C966 /* samplefmt.h */,
				1C69EE2923C4695C0035C966 /* pixdesc.h */,
				1C69EE2A23C4695C0035C966 /* base64.h */,
				1C69EE2B23C4695C0035C966 /* rational.h */,
				1C69EE2C23C4695C0035C966 /* sha.h */,
				1C69EE2D23C4695C0035C966 /* motion_vector.h */,
				1C69EE2E23C4695C0035C966 /* avconfig.h */,
				1C69EE2F23C4695C0035C966 /* lfg.h */,
				1C69EE3023C4695C0035C966 /* avutil.h */,
				1C69EE3123C4695C0035C966 /* xtea.h */,
				1C69EE3223C4695C0035C966 /* crc.h */,
				1C69EE3323C4695C0035C966 /* hwcontext_vdpau.h */,
				1C69EE3423C4695C0035C966 /* frame.h */,
				1C69EE3523C4695C0035C966 /* file.h */,
				1C69EE3623C4695C0035C966 /* md5.h */,
				1C69EE3723C4695C0035C966 /* cast5.h */,
				1C69EE3823C4695C0035C966 /* hwcontext_vaapi.h */,
				1C69EE3923C4695C0035C966 /* spherical.h */,
				1C69EE3A23C4695C0035C966 /* ffversion.h */,
				1C69EE3B23C4695C0035C966 /* audio_fifo.h */,
				1C69EE3C23C4695C0035C966 /* tree.h */,
				1C69EE3D23C4695C0035C966 /* threadmessage.h */,
				1C69EE3E23C4695C0035C966 /* attributes.h */,
				1C69EE3F23C4695C0035C966 /* adler32.h */,
				1C69EE4023C4695C0035C966 /* hwcontext_d3d11va.h */,
				1C69EE4123C4695C0035C966 /* timecode.h */,
				1C69EE4223C4695C0035C966 /* tx.h */,
				1C69EE4323C4695C0035C966 /* sha512.h */,
				1C69EE4423C4695C0035C966 /* hwcontext_dxva2.h */,
				1C69EE4523C4695C0035C966 /* display.h */,
				1C69EE4623C4695C0035C966 /* buffer.h */,
				1C69EE4723C4695C0035C966 /* camellia.h */,
				1C69EE4823C4695C0035C966 /* pixelutils.h */,
				1C69EE4923C4695C0035C966 /* hwcontext_drm.h */,
				1C69EE4A23C4695C0035C966 /* common.h */,
				1C69EE4B23C4695C0035C966 /* hmac.h */,
				1C69EE4C23C4695C0035C966 /* eval.h */,
				1C69EE4D23C4695C0035C966 /* dict.h */,
				1C69EE4E23C4695C0035C966 /* random_seed.h */,
				1C69EE4F23C4695C0035C966 /* opt.h */,
				1C69EE5023C4695C0035C966 /* mastering_display_metadata.h */,
				1C69EE5123C4695C0035C966 /* log.h */,
				1C69EE5223C4695C0035C966 /* aes.h */,
				1C69EE5323C4695C0035C966 /* macros.h */,
				1C69EE5423C4695C0035C966 /* bswap.h */,
				1C69EE5523C4695C0035C966 /* rc4.h */,
				1C69EE5623C4695C0035C966 /* tea.h */,
				1C69EE5723C4695C0035C966 /* cpu.h */,
				1C69EE5823C4695C0035C966 /* lzo.h */,
				1C69EE5923C4695C0035C966 /* des.h */,
				1C69EE5A23C4695C0035C966 /* channel_layout.h */,
				1C69EE5B23C4695C0035C966 /* encryption_info.h */,
				1C69EE5C23C4695C0035C966 /* twofish.h */,
				1C69EE5D23C4695C0035C966 /* imgutils.h */,
				1C69EE5E23C4695C0035C966 /* hwcontext_videotoolbox.h */,
				1C69EE5F23C4695C0035C966 /* mem.h */,
				1C69EE6023C4695C0035C966 /* parseutils.h */,
				1C69EE6123C4695C0035C966 /* ripemd.h */,
				1C69EE6223C4695C0035C966 /* bprint.h */,
				1C69EE6323C4695C0035C966 /* hdr_dynamic_metadata.h */,
				1C69EE6423C4695C0035C966 /* hwcontext_qsv.h */,
				1C69EE6523C4695C0035C966 /* pixfmt.h */,
				1C69EE6623C4695C0035C966 /* aes_ctr.h */,
				1C69EE6723C4695C0035C966 /* timestamp.h */,
				1C69EE6823C4695C0035C966 /* downmix_info.h */,
				1C69EE6923C4695C0035C966 /* avassert.h */,
				1C69EE6A23C4695C0035C966 /* hash.h */,
				1C69EE6B23C4695C0035C966 /* mathematics.h */,
				1C69EE6C23C4695C0035C966 /* intreadwrite.h */,
				1C69EE6D23C4695C0035C966 /* avstring.h */,
			);
			path = libavutil;
			sourceTree = "<group>";
		};
		1C69EE6E23C4695C0035C966 /* libavdevice */ = {
			isa = PBXGroup;
			children = (
				1C69EE6F23C4695C0035C966 /* version.h */,
				1C69EE7023C4695C0035C966 /* avdevice.h */,
			);
			path = libavdevice;
			sourceTree = "<group>";
		};
		1C69EE7123C4695C0035C966 /* libavformat */ = {
			isa = PBXGroup;
			children = (
				1C69EE7223C4695C0035C966 /* version.h */,
				1C69EE7323C4695C0035C966 /* avio.h */,
				1C69EE7423C4695C0035C966 /* avformat.h */,
			);
			path = libavformat;
			sourceTree = "<group>";
		};
		1C69EE7523C4695C0035C966 /* libswscale */ = {
			isa = PBXGroup;
			children = (
				1C69EE7623C4695C0035C966 /* version.h */,
				1C69EE7723C4695C0035C966 /* swscale.h */,
			);
			path = libswscale;
			sourceTree = "<group>";
		};
		1C69EE7823C4695C0035C966 /* libavcodec */ = {
			isa = PBXGroup;
			children = (
				1C69EE7923C4695C0035C966 /* adts_parser.h */,
				1C69EE7A23C4695C0035C966 /* avcodec.h */,
				1C69EE7B23C4695C0035C966 /* version.h */,
				1C69EE7C23C4695C0035C966 /* vdpau.h */,
				1C69EE7D23C4695C0035C966 /* qsv.h */,
				1C69EE7E23C4695C0035C966 /* vaapi.h */,
				1C69EE7F23C4695C0035C966 /* videotoolbox.h */,
				1C69EE8023C4695C0035C966 /* xvmc.h */,
				1C69EE8123C4695C0035C966 /* mediacodec.h */,
				1C69EE8223C4695C0035C966 /* d3d11va.h */,
				1C69EE8323C4695C0035C966 /* avfft.h */,
				1C69EE8423C4695C0035C966 /* jni.h */,
				1C69EE8523C4695C0035C966 /* dirac.h */,
				1C69EE8623C4695C0035C966 /* avdct.h */,
				1C69EE8723C4695C0035C966 /* ac3_parser.h */,
				1C69EE8823C4695C0035C966 /* vorbis_parser.h */,
				1C69EE8923C4695C0035C966 /* dxva2.h */,
				1C69EE8A23C4695C0035C966 /* dv_profile.h */,
			);
			path = libavcodec;
			sourceTree = "<group>";
		};
		1C69EE8B23C4695C0035C966 /* libswresample */ = {
			isa = PBXGroup;
			children = (
				1C69EE8C23C4695C0035C966 /* version.h */,
				1C69EE8D23C4695C0035C966 /* swresample.h */,
			);
			path = libswresample;
			sourceTree = "<group>";
		};
/* End PBXGroup section */

/* Begin PBXNativeTarget section */
		1C69EBCC23BF32510035C966 /* FFMpeg-OC */ = {
			isa = PBXNativeTarget;
			buildConfigurationList = 1C69EBFC23BF32520035C966 /* Build configuration list for PBXNativeTarget "FFMpeg-OC" */;
			buildPhases = (
				1C69EBC923BF32510035C966 /* Sources */,
				1C69EBCA23BF32510035C966 /* Frameworks */,
				1C69EBCB23BF32510035C966 /* Resources */,
			);
			buildRules = (
			);
			dependencies = (
			);
			name = "FFMpeg-OC";
			productName = "FFMpeg-OC";
			productReference = 1C69EBCD23BF32510035C966 /* FFMpeg-OC.app */;
			productType = "com.apple.product-type.application";
		};
		1C69EBE723BF32520035C966 /* FFMpeg-OCTests */ = {
			isa = PBXNativeTarget;
			buildConfigurationList = 1C69EBFF23BF32520035C966 /* Build configuration list for PBXNativeTarget "FFMpeg-OCTests" */;
			buildPhases = (
				1C69EBE423BF32520035C966 /* Sources */,
				1C69EBE523BF32520035C966 /* Frameworks */,
				1C69EBE623BF32520035C966 /* Resources */,
			);
			buildRules = (
			);
			dependencies = (
				1C69EBEA23BF32520035C966 /* PBXTargetDependency */,
			);
			name = "FFMpeg-OCTests";
			productName = "FFMpeg-OCTests";
			productReference = 1C69EBE823BF32520035C966 /* FFMpeg-OCTests.xctest */;
			productType = "com.apple.product-type.bundle.unit-test";
		};
		1C69EBF223BF32520035C966 /* FFMpeg-OCUITests */ = {
			isa = PBXNativeTarget;
			buildConfigurationList = 1C69EC0223BF32520035C966 /* Build configuration list for PBXNativeTarget "FFMpeg-OCUITests" */;
			buildPhases = (
				1C69EBEF23BF32520035C966 /* Sources */,
				1C69EBF023BF32520035C966 /* Frameworks */,
				1C69EBF123BF32520035C966 /* Resources */,
			);
			buildRules = (
			);
			dependencies = (
				1C69EBF523BF32520035C966 /* PBXTargetDependency */,
			);
			name = "FFMpeg-OCUITests";
			productName = "FFMpeg-OCUITests";
			productReference = 1C69EBF323BF32520035C966 /* FFMpeg-OCUITests.xctest */;
			productType = "com.apple.product-type.bundle.ui-testing";
		};
/* End PBXNativeTarget section */

/* Begin PBXProject section */
		1C69EBC523BF32510035C966 /* Project object */ = {
			isa = PBXProject;
			attributes = {
				LastUpgradeCheck = 1130;
				ORGANIZATIONNAME = aaaaa;
				TargetAttributes = {
					1C69EBCC23BF32510035C966 = {
						CreatedOnToolsVersion = 11.3;
					};
					1C69EBE723BF32520035C966 = {
						CreatedOnToolsVersion = 11.3;
						TestTargetID = 1C69EBCC23BF32510035C966;
					};
					1C69EBF223BF32520035C966 = {
						CreatedOnToolsVersion = 11.3;
						TestTargetID = 1C69EBCC23BF32510035C966;
					};
				};
			};
			buildConfigurationList = 1C69EBC823BF32510035C966 /* Build configuration list for PBXProject "FFMpeg-OC" */;
			compatibilityVersion = "Xcode 9.3";
			developmentRegion = en;
			hasScannedForEncodings = 0;
			knownRegions = (
				en,
				Base,
			);
			mainGroup = 1C69EBC423BF32510035C966;
			productRefGroup = 1C69EBCE23BF32510035C966 /* Products */;
			projectDirPath = "";
			projectRoot = "";
			targets = (
				1C69EBCC23BF32510035C966 /* FFMpeg-OC */,
				1C69EBE723BF32520035C966 /* FFMpeg-OCTests */,
				1C69EBF223BF32520035C966 /* FFMpeg-OCUITests */,
			);
		};
/* End PBXProject section */

/* Begin PBXResourcesBuildPhase section */
		1C69EBCB23BF32510035C966 /* Resources */ = {
			isa = PBXResourcesBuildPhase;
			buildActionMask = 2147483647;
			files = (
				1C69EBE023BF32520035C966 /* LaunchScreen.storyboard in Resources */,
				1C69EBDD23BF32520035C966 /* Assets.xcassets in Resources */,
				1C69EBDB23BF32510035C966 /* Main.storyboard in Resources */,
				1C69EEA123C474DE0035C966 /* IMG_0951.MOV in Resources */,
			);
			runOnlyForDeploymentPostprocessing = 0;
		};
		1C69EBE623BF32520035C966 /* Resources */ = {
			isa = PBXResourcesBuildPhase;
			buildActionMask = 2147483647;
			files = (
			);
			runOnlyForDeploymentPostprocessing = 0;
		};
		1C69EBF123BF32520035C966 /* Resources */ = {
			isa = PBXResourcesBuildPhase;
			buildActionMask = 2147483647;
			files = (
			);
			runOnlyForDeploymentPostprocessing = 0;
		};
/* End PBXResourcesBuildPhase section */

/* Begin PBXSourcesBuildPhase section */
		1C69EBC923BF32510035C966 /* Sources */ = {
			isa = PBXSourcesBuildPhase;
			buildActionMask = 2147483647;
			files = (
				1C69EE9223C46B2A0035C966 /* ffmpeg_hw.c in Sources */,
				1C69ED5523C4316C0035C966 /* ffmpeg.c in Sources */,
				1C69ED6523C434220035C966 /* ffmpeg_filter.c in Sources */,
				1C69EBD823BF32510035C966 /* ViewController.m in Sources */,
				1C69ED5723C432270035C966 /* cmdutils.c in Sources */,
				1C69ED6123C434220035C966 /* ffmpeg_opt.c in Sources */,
				1C69EBD223BF32510035C966 /* AppDelegate.m in Sources */,
				1C69EBE323BF32520035C966 /* main.m in Sources */,
				1C69EE9323C46B2A0035C966 /* ffmpeg_videotoolbox.c in Sources */,
				1C69EBD523BF32510035C966 /* SceneDelegate.m in Sources */,
			);
			runOnlyForDeploymentPostprocessing = 0;
		};
		1C69EBE423BF32520035C966 /* Sources */ = {
			isa = PBXSourcesBuildPhase;
			buildActionMask = 2147483647;
			files = (
				1C69EBED23BF32520035C966 /* FFMpeg_OCTests.m in Sources */,
			);
			runOnlyForDeploymentPostprocessing = 0;
		};
		1C69EBEF23BF32520035C966 /* Sources */ = {
			isa = PBXSourcesBuildPhase;
			buildActionMask = 2147483647;
			files = (
				1C69EBF823BF32520035C966 /* FFMpeg_OCUITests.m in Sources */,
			);
			runOnlyForDeploymentPostprocessing = 0;
		};
/* End PBXSourcesBuildPhase section */

/* Begin PBXTargetDependency section */
		1C69EBEA23BF32520035C966 /* PBXTargetDependency */ = {
			isa = PBXTargetDependency;
			target = 1C69EBCC23BF32510035C966 /* FFMpeg-OC */;
			targetProxy = 1C69EBE923BF32520035C966 /* PBXContainerItemProxy */;
		};
		1C69EBF523BF32520035C966 /* PBXTargetDependency */ = {
			isa = PBXTargetDependency;
			target = 1C69EBCC23BF32510035C966 /* FFMpeg-OC */;
			targetProxy = 1C69EBF423BF32520035C966 /* PBXContainerItemProxy */;
		};
/* End PBXTargetDependency section */

/* Begin PBXVariantGroup section */
		1C69EBD923BF32510035C966 /* Main.storyboard */ = {
			isa = PBXVariantGroup;
			children = (
				1C69EBDA23BF32510035C966 /* Base */,
			);
			name = Main.storyboard;
			sourceTree = "<group>";
		};
		1C69EBDE23BF32520035C966 /* LaunchScreen.storyboard */ = {
			isa = PBXVariantGroup;
			children = (
				1C69EBDF23BF32520035C966 /* Base */,
			);
			name = LaunchScreen.storyboard;
			sourceTree = "<group>";
		};
/* End PBXVariantGroup section */

/* Begin XCBuildConfiguration section */
		1C69EBFA23BF32520035C966 /* Debug */ = {
			isa = XCBuildConfiguration;
			buildSettings = {
				ALWAYS_SEARCH_USER_PATHS = NO;
				CLANG_ANALYZER_NONNULL = YES;
				CLANG_ANALYZER_NUMBER_OBJECT_CONVERSION = YES_AGGRESSIVE;
				CLANG_CXX_LANGUAGE_STANDARD = "gnu++14";
				CLANG_CXX_LIBRARY = "libc++";
				CLANG_ENABLE_MODULES = YES;
				CLANG_ENABLE_OBJC_ARC = YES;
				CLANG_ENABLE_OBJC_WEAK = YES;
				CLANG_WARN_BLOCK_CAPTURE_AUTORELEASING = YES;
				CLANG_WARN_BOOL_CONVERSION = YES;
				CLANG_WARN_COMMA = YES;
				CLANG_WARN_CONSTANT_CONVERSION = YES;
				CLANG_WARN_DEPRECATED_OBJC_IMPLEMENTATIONS = YES;
				CLANG_WARN_DIRECT_OBJC_ISA_USAGE = YES_ERROR;
				CLANG_WARN_DOCUMENTATION_COMMENTS = YES;
				CLANG_WARN_EMPTY_BODY = YES;
				CLANG_WARN_ENUM_CONVERSION = YES;
				CLANG_WARN_INFINITE_RECURSION = YES;
				CLANG_WARN_INT_CONVERSION = YES;
				CLANG_WARN_NON_LITERAL_NULL_CONVERSION = YES;
				CLANG_WARN_OBJC_IMPLICIT_RETAIN_SELF = YES;
				CLANG_WARN_OBJC_LITERAL_CONVERSION = YES;
				CLANG_WARN_OBJC_ROOT_CLASS = YES_ERROR;
				CLANG_WARN_RANGE_LOOP_ANALYSIS = YES;
				CLANG_WARN_STRICT_PROTOTYPES = YES;
				CLANG_WARN_SUSPICIOUS_MOVE = YES;
				CLANG_WARN_UNGUARDED_AVAILABILITY = YES_AGGRESSIVE;
				CLANG_WARN_UNREACHABLE_CODE = YES;
				CLANG_WARN__DUPLICATE_METHOD_MATCH = YES;
				COPY_PHASE_STRIP = NO;
				DEBUG_INFORMATION_FORMAT = dwarf;
				ENABLE_STRICT_OBJC_MSGSEND = YES;
				ENABLE_TESTABILITY = YES;
				GCC_C_LANGUAGE_STANDARD = gnu11;
				GCC_DYNAMIC_NO_PIC = NO;
				GCC_NO_COMMON_BLOCKS = YES;
				GCC_OPTIMIZATION_LEVEL = 0;
				GCC_PREPROCESSOR_DEFINITIONS = (
					"DEBUG=1",
					"$(inherited)",
				);
				GCC_WARN_64_TO_32_BIT_CONVERSION = YES;
				GCC_WARN_ABOUT_RETURN_TYPE = YES_ERROR;
				GCC_WARN_UNDECLARED_SELECTOR = YES;
				GCC_WARN_UNINITIALIZED_AUTOS = YES_AGGRESSIVE;
				GCC_WARN_UNUSED_FUNCTION = YES;
				GCC_WARN_UNUSED_VARIABLE = YES;
				IPHONEOS_DEPLOYMENT_TARGET = 13.2;
				MTL_ENABLE_DEBUG_INFO = INCLUDE_SOURCE;
				MTL_FAST_MATH = YES;
				ONLY_ACTIVE_ARCH = YES;
				SDKROOT = iphoneos;
			};
			name = Debug;
		};
		1C69EBFB23BF32520035C966 /* Release */ = {
			isa = XCBuildConfiguration;
			buildSettings = {
				ALWAYS_SEARCH_USER_PATHS = NO;
				CLANG_ANALYZER_NONNULL = YES;
				CLANG_ANALYZER_NUMBER_OBJECT_CONVERSION = YES_AGGRESSIVE;
				CLANG_CXX_LANGUAGE_STANDARD = "gnu++14";
				CLANG_CXX_LIBRARY = "libc++";
				CLANG_ENABLE_MODULES = YES;
				CLANG_ENABLE_OBJC_ARC = YES;
				CLANG_ENABLE_OBJC_WEAK = YES;
				CLANG_WARN_BLOCK_CAPTURE_AUTORELEASING = YES;
				CLANG_WARN_BOOL_CONVERSION = YES;
				CLANG_WARN_COMMA = YES;
				CLANG_WARN_CONSTANT_CONVERSION = YES;
				CLANG_WARN_DEPRECATED_OBJC_IMPLEMENTATIONS = YES;
				CLANG_WARN_DIRECT_OBJC_ISA_USAGE = YES_ERROR;
				CLANG_WARN_DOCUMENTATION_COMMENTS = YES;
				CLANG_WARN_EMPTY_BODY = YES;
				CLANG_WARN_ENUM_CONVERSION = YES;
				CLANG_WARN_INFINITE_RECURSION = YES;
				CLANG_WARN_INT_CONVERSION = YES;
				CLANG_WARN_NON_LITERAL_NULL_CONVERSION = YES;
				CLANG_WARN_OBJC_IMPLICIT_RETAIN_SELF = YES;
				CLANG_WARN_OBJC_LITERAL_CONVERSION = YES;
				CLANG_WARN_OBJC_ROOT_CLASS = YES_ERROR;
				CLANG_WARN_RANGE_LOOP_ANALYSIS = YES;
				CLANG_WARN_STRICT_PROTOTYPES = YES;
				CLANG_WARN_SUSPICIOUS_MOVE = YES;
				CLANG_WARN_UNGUARDED_AVAILABILITY = YES_AGGRESSIVE;
				CLANG_WARN_UNREACHABLE_CODE = YES;
				CLANG_WARN__DUPLICATE_METHOD_MATCH = YES;
				COPY_PHASE_STRIP = NO;
				DEBUG_INFORMATION_FORMAT = "dwarf-with-dsym";
				ENABLE_NS_ASSERTIONS = NO;
				ENABLE_STRICT_OBJC_MSGSEND = YES;
				GCC_C_LANGUAGE_STANDARD = gnu11;
				GCC_NO_COMMON_BLOCKS = YES;
				GCC_WARN_64_TO_32_BIT_CONVERSION = YES;
				GCC_WARN_ABOUT_RETURN_TYPE = YES_ERROR;
				GCC_WARN_UNDECLARED_SELECTOR = YES;
				GCC_WARN_UNINITIALIZED_AUTOS = YES_AGGRESSIVE;
				GCC_WARN_UNUSED_FUNCTION = YES;
				GCC_WARN_UNUSED_VARIABLE = YES;
				IPHONEOS_DEPLOYMENT_TARGET = 13.2;
				MTL_ENABLE_DEBUG_INFO = NO;
				MTL_FAST_MATH = YES;
				SDKROOT = iphoneos;
				VALIDATE_PRODUCT = YES;
			};
			name = Release;
		};
		1C69EBFD23BF32520035C966 /* Debug */ = {
			isa = XCBuildConfiguration;
			buildSettings = {
				ARCHS = "$(ARCHS_STANDARD)";
				ASSETCATALOG_COMPILER_APPICON_NAME = AppIcon;
				CODE_SIGN_IDENTITY = "iPhone Developer";
				CODE_SIGN_STYLE = Manual;
				DEVELOPMENT_TEAM = KBXBG676MT;
				HEADER_SEARCH_PATHS = "\"$(SRCROOT)/FFMpeg-OC/FFmpeg-iOS/include\"";
				INFOPLIST_FILE = "FFMpeg-OC/Info.plist";
				LD_RUNPATH_SEARCH_PATHS = (
					"$(inherited)",
					"@executable_path/Frameworks",
				);
				LIBRARY_SEARCH_PATHS = (
					"$(inherited)",
					"$(PROJECT_DIR)/FFMpeg-OC/FFmpeg-iOS/lib",
				);
				ONLY_ACTIVE_ARCH = YES;
				OTHER_LDFLAGS = "-Objc";
				PRODUCT_BUNDLE_IDENTIFIER = com.general.ffmpeg;
				PRODUCT_NAME = "$(TARGET_NAME)";
				PROVISIONING_PROFILE_SPECIFIER = generalProject_dev;
				TARGETED_DEVICE_FAMILY = "1,2";
				VALID_ARCHS = "arm64e armv7 armv7s arm64";
			};
			name = Debug;
		};
		1C69EBFE23BF32520035C966 /* Release */ = {
			isa = XCBuildConfiguration;
			buildSettings = {
				ARCHS = "$(ARCHS_STANDARD)";
				ASSETCATALOG_COMPILER_APPICON_NAME = AppIcon;
				CODE_SIGN_IDENTITY = "iPhone Developer";
				CODE_SIGN_STYLE = Manual;
				DEVELOPMENT_TEAM = KBXBG676MT;
				HEADER_SEARCH_PATHS = "\"$(SRCROOT)/FFMpeg-OC/FFmpeg-iOS/include\"";
				INFOPLIST_FILE = "FFMpeg-OC/Info.plist";
				LD_RUNPATH_SEARCH_PATHS = (
					"$(inherited)",
					"@executable_path/Frameworks",
				);
				LIBRARY_SEARCH_PATHS = (
					"$(inherited)",
					"$(PROJECT_DIR)/FFMpeg-OC/FFmpeg-iOS/lib",
				);
				OTHER_LDFLAGS = "-Objc";
				PRODUCT_BUNDLE_IDENTIFIER = com.general.ffmpeg;
				PRODUCT_NAME = "$(TARGET_NAME)";
				PROVISIONING_PROFILE_SPECIFIER = generalProject_dev;
				TARGETED_DEVICE_FAMILY = "1,2";
				VALID_ARCHS = "arm64e armv7 armv7s arm64";
			};
			name = Release;
		};
		1C69EC0023BF32520035C966 /* Debug */ = {
			isa = XCBuildConfiguration;
			buildSettings = {
				BUNDLE_LOADER = "$(TEST_HOST)";
				CODE_SIGN_STYLE = Automatic;
				INFOPLIST_FILE = "FFMpeg-OCTests/Info.plist";
				IPHONEOS_DEPLOYMENT_TARGET = 13.2;
				LD_RUNPATH_SEARCH_PATHS = (
					"$(inherited)",
					"@executable_path/Frameworks",
					"@loader_path/Frameworks",
				);
				PRODUCT_BUNDLE_IDENTIFIER = "com.xiaopenglive.xpjx.FFMpeg-OCTests";
				PRODUCT_NAME = "$(TARGET_NAME)";
				TARGETED_DEVICE_FAMILY = "1,2";
				TEST_HOST = "$(BUILT_PRODUCTS_DIR)/FFMpeg-OC.app/FFMpeg-OC";
			};
			name = Debug;
		};
		1C69EC0123BF32520035C966 /* Release */ = {
			isa = XCBuildConfiguration;
			buildSettings = {
				BUNDLE_LOADER = "$(TEST_HOST)";
				CODE_SIGN_STYLE = Automatic;
				INFOPLIST_FILE = "FFMpeg-OCTests/Info.plist";
				IPHONEOS_DEPLOYMENT_TARGET = 13.2;
				LD_RUNPATH_SEARCH_PATHS = (
					"$(inherited)",
					"@executable_path/Frameworks",
					"@loader_path/Frameworks",
				);
				PRODUCT_BUNDLE_IDENTIFIER = "com.xiaopenglive.xpjx.FFMpeg-OCTests";
				PRODUCT_NAME = "$(TARGET_NAME)";
				TARGETED_DEVICE_FAMILY = "1,2";
				TEST_HOST = "$(BUILT_PRODUCTS_DIR)/FFMpeg-OC.app/FFMpeg-OC";
			};
			name = Release;
		};
		1C69EC0323BF32520035C966 /* Debug */ = {
			isa = XCBuildConfiguration;
			buildSettings = {
				CODE_SIGN_STYLE = Automatic;
				INFOPLIST_FILE = "FFMpeg-OCUITests/Info.plist";
				LD_RUNPATH_SEARCH_PATHS = (
					"$(inherited)",
					"@executable_path/Frameworks",
					"@loader_path/Frameworks",
				);
				PRODUCT_BUNDLE_IDENTIFIER = "com.xiaopenglive.xpjx.FFMpeg-OCUITests";
				PRODUCT_NAME = "$(TARGET_NAME)";
				TARGETED_DEVICE_FAMILY = "1,2";
				TEST_TARGET_NAME = "FFMpeg-OC";
			};
			name = Debug;
		};
		1C69EC0423BF32520035C966 /* Release */ = {
			isa = XCBuildConfiguration;
			buildSettings = {
				CODE_SIGN_STYLE = Automatic;
				INFOPLIST_FILE = "FFMpeg-OCUITests/Info.plist";
				LD_RUNPATH_SEARCH_PATHS = (
					"$(inherited)",
					"@executable_path/Frameworks",
					"@loader_path/Frameworks",
				);
				PRODUCT_BUNDLE_IDENTIFIER = "com.xiaopenglive.xpjx.FFMpeg-OCUITests";
				PRODUCT_NAME = "$(TARGET_NAME)";
				TARGETED_DEVICE_FAMILY = "1,2";
				TEST_TARGET_NAME = "FFMpeg-OC";
			};
			name = Release;
		};
/* End XCBuildConfiguration section */

/* Begin XCConfigurationList section */
		1C69EBC823BF32510035C966 /* Build configuration list for PBXProject "FFMpeg-OC" */ = {
			isa = XCConfigurationList;
			buildConfigurations = (
				1C69EBFA23BF32520035C966 /* Debug */,
				1C69EBFB23BF32520035C966 /* Release */,
			);
			defaultConfigurationIsVisible = 0;
			defaultConfigurationName = Release;
		};
		1C69EBFC23BF32520035C966 /* Build configuration list for PBXNativeTarget "FFMpeg-OC" */ = {
			isa = XCConfigurationList;
			buildConfigurations = (
				1C69EBFD23BF32520035C966 /* Debug */,
				1C69EBFE23BF32520035C966 /* Release */,
			);
			defaultConfigurationIsVisible = 0;
			defaultConfigurationName = Release;
		};
		1C69EBFF23BF32520035C966 /* Build configuration list for PBXNativeTarget "FFMpeg-OCTests" */ = {
			isa = XCConfigurationList;
			buildConfigurations = (
				1C69EC0023BF32520035C966 /* Debug */,
				1C69EC0123BF32520035C966 /* Release */,
			);
			defaultConfigurationIsVisible = 0;
			defaultConfigurationName = Release;
		};
		1C69EC0223BF32520035C966 /* Build configuration list for PBXNativeTarget "FFMpeg-OCUITests" */ = {
			isa = XCConfigurationList;
			buildConfigurations = (
				1C69EC0323BF32520035C966 /* Debug */,
				1C69EC0423BF32520035C966 /* Release */,
			);
			defaultConfigurationIsVisible = 0;
			defaultConfigurationName = Release;
		};
/* End XCConfigurationList section */
	};
	rootObject = 1C69EBC523BF32510035C966 /* Project object */;
}
